
Microsoft Visual Studio Solution File, Format Version 12.00
# Visual Studio Version 17
VisualStudioVersion = 17.9.34723.18
MinimumVisualStudioVersion = 10.0.40219.1
Project("{9A19103F-16F7-4668-BE54-9A1E7A4F7556}") = "XenSdkSample", "XenSdkSample.csproj", "{869DC514-BCC0-42D7-BFA7-077005B23107}"
EndProject
Global
	GlobalSection(SolutionConfigurationPlatforms) = preSolution
		Debug|Any CPU = Debug|Any CPU
		Release|Any CPU = Release|Any CPU
	EndGlobalSection
	GlobalSection(ProjectConfigurationPlatforms) = postSolution
		{869DC514-BCC0-42D7-BFA7-077005B23107}.Debug|Any CPU.ActiveCfg = Debug|Any CPU
		{869DC514-BCC0-42D7-BFA7-077005B23107}.Debug|Any CPU.Build.0 = Debug|Any CPU
		{869DC514-BCC0-42D7-BFA7-077005B23107}.Release|Any CPU.ActiveCfg = Release|Any CPU
		{869DC514-BCC0-42D7-BFA7-077005B23107}.Release|Any CPU.Build.0 = Release|Any CPU
	EndGlobalSection
	GlobalSection(SolutionProperties) = preSolution
		HideSolutionNode = FALSE
	EndGlobalSection
	GlobalSection(ExtensibilityGlobals) = postSolution
		SolutionGuid = {184EE94F-6C5D-4ABB-A6DA-A47A8540478D}
	EndGlobalSection
EndGlobal
